
Microsoft Visual Studio Solution File, Format Version 12.00
# Visual Studio Version 17
VisualStudioVersion = 17.4.33110.190
MinimumVisualStudioVersion = 10.0.40219.1
Project("{9A19103F-16F7-4668-BE54-9A1E7A4F7556}") = "SchoderShop", "SchoderShop\SchoderShop.csproj", "{42DFD922-8122-4355-AEEE-41120FB686A5}"
EndProject
Project("{FAE04EC0-301F-11D3-BF4B-00C04F79EFBC}") = "SchoderShopUnitTests", "SchoderShopUnitTests\SchoderShopUnitTests.csproj", "{EAF8A66B-FFE2-4F7A-8358-EA1E9FBDFE9F}"
EndProject
Global
	GlobalSection(SolutionConfigurationPlatforms) = preSolution
		Debug|Any CPU = Debug|Any CPU
		Release|Any CPU = Release|Any CPU
	EndGlobalSection
	GlobalSection(ProjectConfigurationPlatforms) = postSolution
		{42DFD922-8122-4355-AEEE-41120FB686A5}.Debug|Any CPU.ActiveCfg = Debug|Any CPU
		{42DFD922-8122-4355-AEEE-41120FB686A5}.Debug|Any CPU.Build.0 = Debug|Any CPU
		{42DFD922-8122-4355-AEEE-41120FB686A5}.Release|Any CPU.ActiveCfg = Release|Any CPU
		{42DFD922-8122-4355-AEEE-41120FB686A5}.Release|Any CPU.Build.0 = Release|Any CPU
		{EAF8A66B-FFE2-4F7A-8358-EA1E9FBDFE9F}.Debug|Any CPU.ActiveCfg = Debug|Any CPU
		{EAF8A66B-FFE2-4F7A-8358-EA1E9FBDFE9F}.Debug|Any CPU.Build.0 = Debug|Any CPU
		{EAF8A66B-FFE2-4F7A-8358-EA1E9FBDFE9F}.Release|Any CPU.ActiveCfg = Release|Any CPU
		{EAF8A66B-FFE2-4F7A-8358-EA1E9FBDFE9F}.Release|Any CPU.Build.0 = Release|Any CPU
	EndGlobalSection
	GlobalSection(SolutionProperties) = preSolution
		HideSolutionNode = FALSE
	EndGlobalSection
	GlobalSection(ExtensibilityGlobals) = postSolution
		SolutionGuid = {5B86E0D2-4C8F-45A1-BEE9-8EB213DAB3ED}
	EndGlobalSection
EndGlobal
